
Microsoft Visual Studio Solution File, Format Version 12.00
# Visual Studio Version 17
VisualStudioVersion = 17.10.34607.79
MinimumVisualStudioVersion = 10.0.40219.1
Project("{FAE04EC0-301F-11D3-BF4B-00C04F79EFBC}") = "PetFamily.API", "PetFamily.API\PetFamily.API.csproj", "{92CFDA6C-C14E-44C4-9DE1-C5863753CFC7}"
EndProject
Project("{FAE04EC0-301F-11D3-BF4B-00C04F79EFBC}") = "PetFamily.Domain", "PetFamily.Domain\PetFamily.Domain.csproj", "{EB1670A9-8F64-4E21-907B-110F185C503D}"
EndProject
Project("{2150E333-8FDC-42A3-9474-1A3956D46DE8}") = "Solution Items", "Solution Items", "{DAEE940F-3303-406D-A991-DB41E4FD7BB4}"
	ProjectSection(SolutionItems) = preProject
		docker-compose.yml = docker-compose.yml
	EndProjectSection
EndProject
Project("{FAE04EC0-301F-11D3-BF4B-00C04F79EFBC}") = "PetFamily.Infrastructure", "PetFamily.Infrastructure\PetFamily.Infrastructure.csproj", "{69F729EB-E49C-4649-9097-55E188F18763}"
EndProject
Project("{FAE04EC0-301F-11D3-BF4B-00C04F79EFBC}") = "PetFamily.Application", "PetFamily.Application\PetFamily.Application.csproj", "{CAEDB5D0-2273-4DB5-9D48-96F70785E4EE}"
EndProject
Project("{2150E333-8FDC-42A3-9474-1A3956D46DE8}") = "tests", "tests", "{2AAF3932-CF76-402E-839C-3762FB8B61C6}"
EndProject
Project("{FAE04EC0-301F-11D3-BF4B-00C04F79EFBC}") = "PetFamily.UnitTests", "tests\PetFamily.UnitTests\PetFamily.UnitTests.csproj", "{AFE13FF8-4124-4679-AF5C-149225031DC3}"
EndProject
Project("{FAE04EC0-301F-11D3-BF4B-00C04F79EFBC}") = "PetFamily.Infrastructure.Kafka", "PetFamily.Infrastructure.Kafka\PetFamily.Infrastructure.Kafka.csproj", "{B6A712BF-892F-4C90-A70D-898969764C8F}"
EndProject
Project("{FAE04EC0-301F-11D3-BF4B-00C04F79EFBC}") = "PetFamily.Infrastructure.TelegramBot", "PetFamily.Infrastructure.TelegramBot\PetFamily.Infrastructure.TelegramBot.csproj", "{BC4DC74B-0526-44BA-9BC7-A91B7051EA29}"
EndProject
Global
	GlobalSection(SolutionConfigurationPlatforms) = preSolution
		Debug|Any CPU = Debug|Any CPU
		Release|Any CPU = Release|Any CPU
	EndGlobalSection
	GlobalSection(ProjectConfigurationPlatforms) = postSolution
		{92CFDA6C-C14E-44C4-9DE1-C5863753CFC7}.Debug|Any CPU.ActiveCfg = Debug|Any CPU
		{92CFDA6C-C14E-44C4-9DE1-C5863753CFC7}.Debug|Any CPU.Build.0 = Debug|Any CPU
		{92CFDA6C-C14E-44C4-9DE1-C5863753CFC7}.Release|Any CPU.ActiveCfg = Release|Any CPU
		{92CFDA6C-C14E-44C4-9DE1-C5863753CFC7}.Release|Any CPU.Build.0 = Release|Any CPU
		{EB1670A9-8F64-4E21-907B-110F185C503D}.Debug|Any CPU.ActiveCfg = Debug|Any CPU
		{EB1670A9-8F64-4E21-907B-110F185C503D}.Debug|Any CPU.Build.0 = Debug|Any CPU
		{EB1670A9-8F64-4E21-907B-110F185C503D}.Release|Any CPU.ActiveCfg = Release|Any CPU
		{EB1670A9-8F64-4E21-907B-110F185C503D}.Release|Any CPU.Build.0 = Release|Any CPU
		{69F729EB-E49C-4649-9097-55E188F18763}.Debug|Any CPU.ActiveCfg = Debug|Any CPU
		{69F729EB-E49C-4649-9097-55E188F18763}.Debug|Any CPU.Build.0 = Debug|Any CPU
		{69F729EB-E49C-4649-9097-55E188F18763}.Release|Any CPU.ActiveCfg = Release|Any CPU
		{69F729EB-E49C-4649-9097-55E188F18763}.Release|Any CPU.Build.0 = Release|Any CPU
		{CAEDB5D0-2273-4DB5-9D48-96F70785E4EE}.Debug|Any CPU.ActiveCfg = Debug|Any CPU
		{CAEDB5D0-2273-4DB5-9D48-96F70785E4EE}.Debug|Any CPU.Build.0 = Debug|Any CPU
		{CAEDB5D0-2273-4DB5-9D48-96F70785E4EE}.Release|Any CPU.ActiveCfg = Release|Any CPU
		{CAEDB5D0-2273-4DB5-9D48-96F70785E4EE}.Release|Any CPU.Build.0 = Release|Any CPU
		{AFE13FF8-4124-4679-AF5C-149225031DC3}.Debug|Any CPU.ActiveCfg = Debug|Any CPU
		{AFE13FF8-4124-4679-AF5C-149225031DC3}.Debug|Any CPU.Build.0 = Debug|Any CPU
		{AFE13FF8-4124-4679-AF5C-149225031DC3}.Release|Any CPU.ActiveCfg = Release|Any CPU
		{AFE13FF8-4124-4679-AF5C-149225031DC3}.Release|Any CPU.Build.0 = Release|Any CPU
		{B6A712BF-892F-4C90-A70D-898969764C8F}.Debug|Any CPU.ActiveCfg = Debug|Any CPU
		{B6A712BF-892F-4C90-A70D-898969764C8F}.Debug|Any CPU.Build.0 = Debug|Any CPU
		{B6A712BF-892F-4C90-A70D-898969764C8F}.Release|Any CPU.ActiveCfg = Release|Any CPU
		{B6A712BF-892F-4C90-A70D-898969764C8F}.Release|Any CPU.Build.0 = Release|Any CPU
		{BC4DC74B-0526-44BA-9BC7-A91B7051EA29}.Debug|Any CPU.ActiveCfg = Debug|Any CPU
		{BC4DC74B-0526-44BA-9BC7-A91B7051EA29}.Debug|Any CPU.Build.0 = Debug|Any CPU
		{BC4DC74B-0526-44BA-9BC7-A91B7051EA29}.Release|Any CPU.ActiveCfg = Release|Any CPU
		{BC4DC74B-0526-44BA-9BC7-A91B7051EA29}.Release|Any CPU.Build.0 = Release|Any CPU
	EndGlobalSection
	GlobalSection(SolutionProperties) = preSolution
		HideSolutionNode = FALSE
	EndGlobalSection
	GlobalSection(ExtensibilityGlobals) = postSolution
		SolutionGuid = {CC9031C7-F7FB-4E70-ACE8-C7FBB8861233}
	EndGlobalSection
	GlobalSection(NestedProjects) = preSolution
		{AFE13FF8-4124-4679-AF5C-149225031DC3} = {2AAF3932-CF76-402E-839C-3762FB8B61C6}
	EndGlobalSection
EndGlobal
